<?xml version="1.0" encoding="utf-8"?>
<Project ToolsVersion="4.0" xmlns="http://schemas.microsoft.com/developer/msbuild/2003">
  <ItemGroup>
    <Filter Include="libtess2">
      <UniqueIdentifier>{11637dd8-56a2-4f99-a802-7bdeac2cafbe}</UniqueIdentifier>
    </Filter>
    <Filter Include="src">
      <UniqueIdentifier>{4FC737F1-C7A5-4376-A066-2A32D752A2FF}</UniqueIdentifier>
      <Extensions>cpp;c;cc;cxx;def;odl;idl;hpj;bat;asm;asmx</Extensions>
    </Filter>
    <Filter Include="rapidjson">
      <UniqueIdentifier>{53d8358e-ae04-4cdb-979b-17eff4bdd57a}</UniqueIdentifier>
    </Filter>
    <Filter Include="rapidjson\error">
      <UniqueIdentifier>{23c7134e-78a9-4f0a-a7c1-2e637f6f2d62}</UniqueIdentifier>
    </Filter>
    <Filter Include="rapidjson\internal">
      <UniqueIdentifier>{20b8b0e0-48f2-489b-8819-8fbde0e3fbe8}</UniqueIdentifier>
    </Filter>
    <Filter Include="rapidjson\msinttypes">
      <UniqueIdentifier>{89f0d9bb-0601-4d6b-ad07-e2731dd2b4d3}</UniqueIdentifier>
    </Filter>
  </ItemGroup>
  <ItemGroup>
    <ClInclude Include="..\libs\libtess2\Include\tesselator.h">
      <Filter>libtess2</Filter>
    </ClInclude>
    <ClInclude Include="..\libs\libtess2\Source\bucketalloc.h">
      <Filter>libtess2</Filter>
    </ClInclude>
    <ClInclude Include="..\libs\libtess2\Source\dict.h">
      <Filter>libtess2</Filter>
    </ClInclude>
    <ClInclude Include="..\libs\libtess2\Source\geom.h">
      <Filter>libtess2</Filter>
    </ClInclude>
    <ClInclude Include="..\libs\libtess2\Source\mesh.h">
      <Filter>libtess2</Filter>
    </ClInclude>
    <ClInclude Include="..\libs\libtess2\Source\priorityq.h">
      <Filter>libtess2</Filter>
    </ClInclude>
    <ClInclude Include="..\libs\libtess2\Source\sweep.h">
      <Filter>libtess2</Filter>
    </ClInclude>
    <ClInclude Include="..\libs\libtess2\Source\tess.h">
      <Filter>libtess2</Filter>
    </ClInclude>
    <ClInclude Include="..\src\ExportObj.h">
      <Filter>src</Filter>
    </ClInclude>
    <ClInclude Include="..\src\Store.h">
      <Filter>src</Filter>
    </ClInclude>
    <ClInclude Include="..\src\Tessellator.h">
      <Filter>src</Filter>
    </ClInclude>
    <ClInclude Include="..\src\StoreVisitor.h">
      <Filter>src</Filter>
    </ClInclude>
    <ClInclude Include="..\src\AddStats.h">
      <Filter>src</Filter>
    </ClInclude>
    <ClInclude Include="..\src\Flatten.h">
      <Filter>src</Filter>
    </ClInclude>
    <ClInclude Include="..\src\DumpNames.h">
      <Filter>src</Filter>
    </ClInclude>
    <ClInclude Include="..\src\Parser.h">
      <Filter>src</Filter>
    </ClInclude>
    <ClInclude Include="..\src\Common.h">
      <Filter>src</Filter>
    </ClInclude>
    <ClInclude Include="..\src\Colorizer.h">
      <Filter>src</Filter>
    </ClInclude>
    <ClInclude Include="..\src\AddGroupBBox.h">
      <Filter>src</Filter>
    </ClInclude>
    <ClInclude Include="..\src\ChunkTiny.h">
      <Filter>src</Filter>
    </ClInclude>
    <ClInclude Include="..\src\LinAlg.h">
      <Filter>src</Filter>
    </ClInclude>
    <ClInclude Include="..\src\LinAlgOps.h">
      <Filter>src</Filter>
    </ClInclude>
    <ClInclude Include="..\libs\rapidjson\include\rapidjson\allocators.h">
      <Filter>rapidjson</Filter>
    </ClInclude>
    <ClInclude Include="..\libs\rapidjson\include\rapidjson\cursorstreamwrapper.h">
      <Filter>rapidjson</Filter>
    </ClInclude>
    <ClInclude Include="..\libs\rapidjson\include\rapidjson\document.h">
      <Filter>rapidjson</Filter>
    </ClInclude>
    <ClInclude Include="..\libs\rapidjson\include\rapidjson\encodedstream.h">
      <Filter>rapidjson</Filter>
    </ClInclude>
    <ClInclude Include="..\libs\rapidjson\include\rapidjson\encodings.h">
      <Filter>rapidjson</Filter>
    </ClInclude>
    <ClInclude Include="..\libs\rapidjson\include\rapidjson\filereadstream.h">
      <Filter>rapidjson</Filter>
    </ClInclude>
    <ClInclude Include="..\libs\rapidjson\include\rapidjson\filewritestream.h">
      <Filter>rapidjson</Filter>
    </ClInclude>
    <ClInclude Include="..\libs\rapidjson\include\rapidjson\fwd.h">
      <Filter>rapidjson</Filter>
    </ClInclude>
    <ClInclude Include="..\libs\rapidjson\include\rapidjson\istreamwrapper.h">
      <Filter>rapidjson</Filter>
    </ClInclude>
    <ClInclude Include="..\libs\rapidjson\include\rapidjson\memorybuffer.h">
      <Filter>rapidjson</Filter>
    </ClInclude>
    <ClInclude Include="..\libs\rapidjson\include\rapidjson\memorystream.h">
      <Filter>rapidjson</Filter>
    </ClInclude>
    <ClInclude Include="..\libs\rapidjson\include\rapidjson\ostreamwrapper.h">
      <Filter>rapidjson</Filter>
    </ClInclude>
    <ClInclude Include="..\libs\rapidjson\include\rapidjson\pointer.h">
      <Filter>rapidjson</Filter>
    </ClInclude>
    <ClInclude Include="..\libs\rapidjson\include\rapidjson\prettywriter.h">
      <Filter>rapidjson</Filter>
    </ClInclude>
    <ClInclude Include="..\libs\rapidjson\include\rapidjson\rapidjson.h">
      <Filter>rapidjson</Filter>
    </ClInclude>
    <ClInclude Include="..\libs\rapidjson\include\rapidjson\reader.h">
      <Filter>rapidjson</Filter>
    </ClInclude>
    <ClInclude Include="..\libs\rapidjson\include\rapidjson\schema.h">
      <Filter>rapidjson</Filter>
    </ClInclude>
    <ClInclude Include="..\libs\rapidjson\include\rapidjson\stream.h">
      <Filter>rapidjson</Filter>
    </ClInclude>
    <ClInclude Include="..\libs\rapidjson\include\rapidjson\stringbuffer.h">
      <Filter>rapidjson</Filter>
    </ClInclude>
    <ClInclude Include="..\libs\rapidjson\include\rapidjson\writer.h">
      <Filter>rapidjson</Filter>
    </ClInclude>
    <ClInclude Include="..\libs\rapidjson\include\rapidjson\error\en.h">
      <Filter>rapidjson\error</Filter>
    </ClInclude>
    <ClInclude Include="..\libs\rapidjson\include\rapidjson\error\error.h">
      <Filter>rapidjson\error</Filter>
    </ClInclude>
    <ClInclude Include="..\libs\rapidjson\include\rapidjson\internal\biginteger.h">
      <Filter>rapidjson\internal</Filter>
    </ClInclude>
    <ClInclude Include="..\libs\rapidjson\include\rapidjson\internal\diyfp.h">
      <Filter>rapidjson\internal</Filter>
    </ClInclude>
    <ClInclude Include="..\libs\rapidjson\include\rapidjson\internal\dtoa.h">
      <Filter>rapidjson\internal</Filter>
    </ClInclude>
    <ClInclude Include="..\libs\rapidjson\include\rapidjson\internal\ieee754.h">
      <Filter>rapidjson\internal</Filter>
    </ClInclude>
    <ClInclude Include="..\libs\rapidjson\include\rapidjson\internal\itoa.h">
      <Filter>rapidjson\internal</Filter>
    </ClInclude>
    <ClInclude Include="..\libs\rapidjson\include\rapidjson\internal\meta.h">
      <Filter>rapidjson\internal</Filter>
    </ClInclude>
    <ClInclude Include="..\libs\rapidjson\include\rapidjson\internal\pow10.h">
      <Filter>rapidjson\internal</Filter>
    </ClInclude>
    <ClInclude Include="..\libs\rapidjson\include\rapidjson\internal\regex.h">
      <Filter>rapidjson\internal</Filter>
    </ClInclude>
    <ClInclude Include="..\libs\rapidjson\include\rapidjson\internal\stack.h">
      <Filter>rapidjson\internal</Filter>
    </ClInclude>
    <ClInclude Include="..\libs\rapidjson\include\rapidjson\internal\strfunc.h">
      <Filter>rapidjson\internal</Filter>
    </ClInclude>
    <ClInclude Include="..\libs\rapidjson\include\rapidjson\internal\strtod.h">
      <Filter>rapidjson\internal</Filter>
    </ClInclude>
    <ClInclude Include="..\libs\rapidjson\include\rapidjson\internal\swap.h">
      <Filter>rapidjson\internal</Filter>
    </ClInclude>
    <ClInclude Include="..\libs\rapidjson\include\rapidjson\msinttypes\inttypes.h">
      <Filter>rapidjson\msinttypes</Filter>
    </ClInclude>
    <ClInclude Include="..\libs\rapidjson\include\rapidjson\msinttypes\stdint.h">
      <Filter>rapidjson\msinttypes</Filter>
    </ClInclude>
  </ItemGroup>
  <ItemGroup>
    <ClCompile Include="..\src\main.cpp">
      <Filter>src</Filter>
    </ClCompile>
    <ClCompile Include="..\libs\libtess2\Source\bucketalloc.c">
      <Filter>libtess2</Filter>
    </ClCompile>
    <ClCompile Include="..\libs\libtess2\Source\dict.c">
      <Filter>libtess2</Filter>
    </ClCompile>
    <ClCompile Include="..\libs\libtess2\Source\geom.c">
      <Filter>libtess2</Filter>
    </ClCompile>
    <ClCompile Include="..\libs\libtess2\Source\mesh.c">
      <Filter>libtess2</Filter>
    </ClCompile>
    <ClCompile Include="..\libs\libtess2\Source\priorityq.c">
      <Filter>libtess2</Filter>
    </ClCompile>
    <ClCompile Include="..\libs\libtess2\Source\sweep.c">
      <Filter>libtess2</Filter>
    </ClCompile>
    <ClCompile Include="..\libs\libtess2\Source\tess.c">
      <Filter>libtess2</Filter>
    </ClCompile>
    <ClCompile Include="..\src\ExportObj.cpp">
      <Filter>src</Filter>
    </ClCompile>
    <ClCompile Include="..\src\Store.cpp">
      <Filter>src</Filter>
    </ClCompile>
    <ClCompile Include="..\src\Tessellator.cpp">
      <Filter>src</Filter>
    </ClCompile>
    <ClCompile Include="..\src\AddStats.cpp">
      <Filter>src</Filter>
    </ClCompile>
    <ClCompile Include="..\src\Flatten.cpp">
      <Filter>src</Filter>
    </ClCompile>
    <ClCompile Include="..\src\DumpNames.cpp">
      <Filter>src</Filter>
    </ClCompile>
    <ClCompile Include="..\src\ParserRVM.cpp">
      <Filter>src</Filter>
    </ClCompile>
    <ClCompile Include="..\src\ParserAtt.cpp">
      <Filter>src</Filter>
    </ClCompile>
    <ClCompile Include="..\src\Common.cpp">
      <Filter>src</Filter>
    </ClCompile>
    <ClCompile Include="..\src\ExportJson.cpp">
      <Filter>src</Filter>
    </ClCompile>
    <ClCompile Include="..\src\Colorizer.cpp">
      <Filter>src</Filter>
    </ClCompile>
    <ClCompile Include="..\src\AddGroupBBox.cpp">
      <Filter>src</Filter>
    </ClCompile>
    <ClCompile Include="..\src\ChunkTiny.cpp">
      <Filter>src</Filter>
    </ClCompile>
    <ClCompile Include="..\src\Connect.cpp">
      <Filter>src</Filter>
    </ClCompile>
    <ClCompile Include="..\src\LinAlgOps.cpp">
      <Filter>src</Filter>
    </ClCompile>
    <ClCompile Include="..\src\Align.cpp">
      <Filter>src</Filter>
    </ClCompile>
    <ClCompile Include="..\src\TriangulationFactory.cpp">
      <Filter>src</Filter>
    </ClCompile>
    <ClCompile Include="..\src\DiscardGroups.cpp">
      <Filter>src</Filter>
    </ClCompile>
  </ItemGroup>
</Project>